
Microsoft Visual Studio Solution File, Format Version 12.00
# Visual Studio Version 17
VisualStudioVersion = 17.0.31912.275
MinimumVisualStudioVersion = 10.0.40219.1
Project("{FAE04EC0-301F-11D3-BF4B-00C04F79EFBC}") = "ConsoleApp14.1", "ConsoleApp14.1.csproj", "{677F9A0B-05A2-4A99-BC93-3751987BA240}"
EndProject
Global
	GlobalSection(SolutionConfigurationPlatforms) = preSolution
		Debug|Any CPU = Debug|Any CPU
		Release|Any CPU = Release|Any CPU
	EndGlobalSection
	GlobalSection(ProjectConfigurationPlatforms) = postSolution
		{677F9A0B-05A2-4A99-BC93-3751987BA240}.Debug|Any CPU.ActiveCfg = Debug|Any CPU
		{677F9A0B-05A2-4A99-BC93-3751987BA240}.Debug|Any CPU.Build.0 = Debug|Any CPU
		{677F9A0B-05A2-4A99-BC93-3751987BA240}.Release|Any CPU.ActiveCfg = Release|Any CPU
		{677F9A0B-05A2-4A99-BC93-3751987BA240}.Release|Any CPU.Build.0 = Release|Any CPU
	EndGlobalSection
	GlobalSection(SolutionProperties) = preSolution
		HideSolutionNode = FALSE
	EndGlobalSection
	GlobalSection(ExtensibilityGlobals) = postSolution
		SolutionGuid = {54BF5B3C-33C2-431A-BC0D-00D86EC4B0FC}
	EndGlobalSection
EndGlobal
